// !$*UTF8*$!
{
	archiveVersion = 1;
	classes = {
	};
	objectVersion = 48;
	objects = {

/* Begin PBXBuildFile section */
		9F3FF9E3202040FE006F9E54 /* AppDelegate.m in Sources */ = {isa = PBXBuildFile; fileRef = 9F3FF9E2202040FE006F9E54 /* AppDelegate.m */; };
		9F3FF9E6202040FE006F9E54 /* ViewController.m in Sources */ = {isa = PBXBuildFile; fileRef = 9F3FF9E5202040FE006F9E54 /* ViewController.m */; };
		9F3FF9E9202040FE006F9E54 /* Main.storyboard in Resources */ = {isa = PBXBuildFile; fileRef = 9F3FF9E7202040FE006F9E54 /* Main.storyboard */; };
		9F3FF9EB202040FE006F9E54 /* Assets.xcassets in Resources */ = {isa = PBXBuildFile; fileRef = 9F3FF9EA202040FE006F9E54 /* Assets.xcassets */; };
		9F3FF9EE202040FE006F9E54 /* LaunchScreen.storyboard in Resources */ = {isa = PBXBuildFile; fileRef = 9F3FF9EC202040FE006F9E54 /* LaunchScreen.storyboard */; };
		9F3FF9F1202040FE006F9E54 /* main.m in Sources */ = {isa = PBXBuildFile; fileRef = 9F3FF9F0202040FE006F9E54 /* main.m */; };
		B6354B6D20E2404D00890A7B /* Synthesizer.m in Sources */ = {isa = PBXBuildFile; fileRef = B6354B6C20E2404D00890A7B /* Synthesizer.m */; };
		B6354B7420E25F2500890A7B /* NLSPlayAudio.m in Sources */ = {isa = PBXBuildFile; fileRef = B6354B7220E25F2500890A7B /* NLSPlayAudio.m */; };
		B6354B7F20E32D3E00890A7B /* Transcriber.m in Sources */ = {isa = PBXBuildFile; fileRef = B6354B7E20E32D3E00890A7B /* Transcriber.m */; };
		B65581C120A1C2B7008BBBB9 /* Recognizer.m in Sources */ = {isa = PBXBuildFile; fileRef = B65581C020A1C2B6008BBBB9 /* Recognizer.m */; };
		B690BBE720E4E44E00860A27 /* NlsSdk.framework in Frameworks */ = {isa = PBXBuildFile; fileRef = B690BBE620E4E44E00860A27 /* NlsSdk.framework */; };
		B690BBE820E4E44E00860A27 /* NlsSdk.framework in CopyFiles */ = {isa = PBXBuildFile; fileRef = B690BBE620E4E44E00860A27 /* NlsSdk.framework */; settings = {ATTRIBUTES = (CodeSignOnCopy, RemoveHeadersOnCopy, ); }; };
		B6BF8185210AFAA500A572BD /* RecognizerwithRecorder.m in Sources */ = {isa = PBXBuildFile; fileRef = B6BF8184210AFAA500A572BD /* RecognizerwithRecorder.m */; };
		B6BF81A921119F3800A572BD /* TranscriberwithRecorder.m in Sources */ = {isa = PBXBuildFile; fileRef = B6BF81A821119F3800A572BD /* TranscriberwithRecorder.m */; };
/* End PBXBuildFile section */

/* Begin PBXCopyFilesBuildPhase section */
		B63554F220A97B4400A19FD1 /* CopyFiles */ = {
			isa = PBXCopyFilesBuildPhase;
			buildActionMask = 2147483647;
			dstPath = "";
			dstSubfolderSpec = 10;
			files = (
				B690BBE820E4E44E00860A27 /* NlsSdk.framework in CopyFiles */,
			);
			runOnlyForDeploymentPostprocessing = 0;
		};
/* End PBXCopyFilesBuildPhase section */

/* Begin PBXFileReference section */
		9F3FF9DE202040FD006F9E54 /* NlsDemo.app */ = {isa = PBXFileReference; explicitFileType = wrapper.application; includeInIndex = 0; path = NlsDemo.app; sourceTree = BUILT_PRODUCTS_DIR; };
		9F3FF9E1202040FE006F9E54 /* AppDelegate.h */ = {isa = PBXFileReference; lastKnownFileType = sourcecode.c.h; path = AppDelegate.h; sourceTree = "<group>"; };
		9F3FF9E2202040FE006F9E54 /* AppDelegate.m */ = {isa = PBXFileReference; lastKnownFileType = sourcecode.c.objc; path = AppDelegate.m; sourceTree = "<group>"; };
		9F3FF9E4202040FE006F9E54 /* ViewController.h */ = {isa = PBXFileReference; lastKnownFileType = sourcecode.c.h; path = ViewController.h; sourceTree = "<group>"; };
		9F3FF9E5202040FE006F9E54 /* ViewController.m */ = {isa = PBXFileReference; lastKnownFileType = sourcecode.c.objc; path = ViewController.m; sourceTree = "<group>"; };
		9F3FF9E8202040FE006F9E54 /* Base */ = {isa = PBXFileReference; lastKnownFileType = file.storyboard; name = Base; path = Base.lproj/Main.storyboard; sourceTree = "<group>"; };
		9F3FF9EA202040FE006F9E54 /* Assets.xcassets */ = {isa = PBXFileReference; lastKnownFileType = folder.assetcatalog; path = Assets.xcassets; sourceTree = "<group>"; };
		9F3FF9ED202040FE006F9E54 /* Base */ = {isa = PBXFileReference; lastKnownFileType = file.storyboard; name = Base; path = Base.lproj/LaunchScreen.storyboard; sourceTree = "<group>"; };
		9F3FF9EF202040FE006F9E54 /* Info.plist */ = {isa = PBXFileReference; lastKnownFileType = text.plist.xml; path = Info.plist; sourceTree = "<group>"; };
		9F3FF9F0202040FE006F9E54 /* main.m */ = {isa = PBXFileReference; lastKnownFileType = sourcecode.c.objc; path = main.m; sourceTree = "<group>"; };
		B6354B6C20E2404D00890A7B /* Synthesizer.m */ = {isa = PBXFileReference; lastKnownFileType = sourcecode.c.objc; path = Synthesizer.m; sourceTree = "<group>"; };
		B6354B6E20E2406000890A7B /* Synthesizer.h */ = {isa = PBXFileReference; lastKnownFileType = sourcecode.c.h; path = Synthesizer.h; sourceTree = "<group>"; };
		B6354B7220E25F2500890A7B /* NLSPlayAudio.m */ = {isa = PBXFileReference; fileEncoding = 4; lastKnownFileType = sourcecode.c.objc; path = NLSPlayAudio.m; sourceTree = "<group>"; };
		B6354B7320E25F2500890A7B /* NLSPlayAudio.h */ = {isa = PBXFileReference; fileEncoding = 4; lastKnownFileType = sourcecode.c.h; path = NLSPlayAudio.h; sourceTree = "<group>"; };
		B6354B7D20E32CF300890A7B /* Transcriber.h */ = {isa = PBXFileReference; lastKnownFileType = sourcecode.c.h; path = Transcriber.h; sourceTree = "<group>"; };
		B6354B7E20E32D3E00890A7B /* Transcriber.m */ = {isa = PBXFileReference; lastKnownFileType = sourcecode.c.objc; path = Transcriber.m; sourceTree = "<group>"; };
		B65581BF20A1C25F008BBBB9 /* Recognizer.h */ = {isa = PBXFileReference; lastKnownFileType = sourcecode.c.h; path = Recognizer.h; sourceTree = "<group>"; };
		B65581C020A1C2B6008BBBB9 /* Recognizer.m */ = {isa = PBXFileReference; lastKnownFileType = sourcecode.c.objc; path = Recognizer.m; sourceTree = "<group>"; };
		B690BBE620E4E44E00860A27 /* NlsSdk.framework */ = {isa = PBXFileReference; lastKnownFileType = wrapper.framework; name = NlsSdk.framework; path = NlsDemo/NlsSdk.framework; sourceTree = "<group>"; };
		B6BF8183210AFAA500A572BD /* RecognizerwithRecorder.h */ = {isa = PBXFileReference; fileEncoding = 4; lastKnownFileType = sourcecode.c.h; path = RecognizerwithRecorder.h; sourceTree = "<group>"; };
		B6BF8184210AFAA500A572BD /* RecognizerwithRecorder.m */ = {isa = PBXFileReference; fileEncoding = 4; lastKnownFileType = sourcecode.c.objc; path = RecognizerwithRecorder.m; sourceTree = "<group>"; };
		B6BF81A721119F3800A572BD /* TranscriberwithRecorder.h */ = {isa = PBXFileReference; fileEncoding = 4; lastKnownFileType = sourcecode.c.h; path = TranscriberwithRecorder.h; sourceTree = "<group>"; };
		B6BF81A821119F3800A572BD /* TranscriberwithRecorder.m */ = {isa = PBXFileReference; fileEncoding = 4; lastKnownFileType = sourcecode.c.objc; path = TranscriberwithRecorder.m; sourceTree = "<group>"; };
/* End PBXFileReference section */

/* Begin PBXFrameworksBuildPhase section */
		9F3FF9DB202040FD006F9E54 /* Frameworks */ = {
			isa = PBXFrameworksBuildPhase;
			buildActionMask = 2147483647;
			files = (
				B690BBE720E4E44E00860A27 /* NlsSdk.framework in Frameworks */,
			);
			runOnlyForDeploymentPostprocessing = 0;
		};
/* End PBXFrameworksBuildPhase section */

/* Begin PBXGroup section */
		9F3FF9D5202040FD006F9E54 = {
			isa = PBXGroup;
			children = (
				B690BBE620E4E44E00860A27 /* NlsSdk.framework */,
				9F3FF9E0202040FD006F9E54 /* NlsDemo */,
				9F3FF9DF202040FD006F9E54 /* Products */,
				B6C7DA4520BD821D0027223B /* Frameworks */,
			);
			sourceTree = "<group>";
		};
		9F3FF9DF202040FD006F9E54 /* Products */ = {
			isa = PBXGroup;
			children = (
				9F3FF9DE202040FD006F9E54 /* NlsDemo.app */,
			);
			name = Products;
			sourceTree = "<group>";
		};
		9F3FF9E0202040FD006F9E54 /* NlsDemo */ = {
			isa = PBXGroup;
			children = (
				B690BBE520E4E2E900860A27 /* utils */,
				9F3FF9E1202040FE006F9E54 /* AppDelegate.h */,
				9F3FF9E2202040FE006F9E54 /* AppDelegate.m */,
				9F3FF9E4202040FE006F9E54 /* ViewController.h */,
				9F3FF9E5202040FE006F9E54 /* ViewController.m */,
				B65581BF20A1C25F008BBBB9 /* Recognizer.h */,
				B65581C020A1C2B6008BBBB9 /* Recognizer.m */,
				B6BF8183210AFAA500A572BD /* RecognizerwithRecorder.h */,
				B6BF8184210AFAA500A572BD /* RecognizerwithRecorder.m */,
				B6354B7D20E32CF300890A7B /* Transcriber.h */,
				B6354B7E20E32D3E00890A7B /* Transcriber.m */,
				B6BF81A721119F3800A572BD /* TranscriberwithRecorder.h */,
				B6BF81A821119F3800A572BD /* TranscriberwithRecorder.m */,
				B6354B6E20E2406000890A7B /* Synthesizer.h */,
				B6354B6C20E2404D00890A7B /* Synthesizer.m */,
				9F3FF9E7202040FE006F9E54 /* Main.storyboard */,
				9F3FF9EA202040FE006F9E54 /* Assets.xcassets */,
				9F3FF9EC202040FE006F9E54 /* LaunchScreen.storyboard */,
				9F3FF9EF202040FE006F9E54 /* Info.plist */,
				9F3FF9F0202040FE006F9E54 /* main.m */,
			);
			path = NlsDemo;
			sourceTree = "<group>";
		};
		B690BBE520E4E2E900860A27 /* utils */ = {
			isa = PBXGroup;
			children = (
				B6354B7320E25F2500890A7B /* NLSPlayAudio.h */,
				B6354B7220E25F2500890A7B /* NLSPlayAudio.m */,
			);
			path = utils;
			sourceTree = "<group>";
		};
		B6C7DA4520BD821D0027223B /* Frameworks */ = {
			isa = PBXGroup;
			children = (
			);
			name = Frameworks;
			sourceTree = "<group>";
		};
/* End PBXGroup section */

/* Begin PBXNativeTarget section */
		9F3FF9DD202040FD006F9E54 /* NlsDemo */ = {
			isa = PBXNativeTarget;
			buildConfigurationList = 9F3FF9FF202040FE006F9E54 /* Build configuration list for PBXNativeTarget "NlsDemo" */;
			buildPhases = (
				9F3FF9DA202040FD006F9E54 /* Sources */,
				9F3FF9DB202040FD006F9E54 /* Frameworks */,
				9F3FF9DC202040FD006F9E54 /* Resources */,
				B63554F220A97B4400A19FD1 /* CopyFiles */,
			);
			buildRules = (
			);
			dependencies = (
			);
			name = NlsDemo;
			productName = HelloOne;
			productReference = 9F3FF9DE202040FD006F9E54 /* NlsDemo.app */;
			productType = "com.apple.product-type.application";
		};
/* End PBXNativeTarget section */

/* Begin PBXProject section */
		9F3FF9D6202040FD006F9E54 /* Project object */ = {
			isa = PBXProject;
			attributes = {
				LastUpgradeCheck = 0930;
				ORGANIZATIONNAME = idst;
				TargetAttributes = {
					9F3FF9DD202040FD006F9E54 = {
						CreatedOnToolsVersion = 9.2;
						ProvisioningStyle = Automatic;
					};
				};
			};
			buildConfigurationList = 9F3FF9D9202040FD006F9E54 /* Build configuration list for PBXProject "NlsDemo" */;
			compatibilityVersion = "Xcode 8.0";
			developmentRegion = en;
			hasScannedForEncodings = 0;
			knownRegions = (
				en,
				Base,
			);
			mainGroup = 9F3FF9D5202040FD006F9E54;
			productRefGroup = 9F3FF9DF202040FD006F9E54 /* Products */;
			projectDirPath = "";
			projectRoot = "";
			targets = (
				9F3FF9DD202040FD006F9E54 /* NlsDemo */,
			);
		};
/* End PBXProject section */

/* Begin PBXResourcesBuildPhase section */
		9F3FF9DC202040FD006F9E54 /* Resources */ = {
			isa = PBXResourcesBuildPhase;
			buildActionMask = 2147483647;
			files = (
				9F3FF9EE202040FE006F9E54 /* LaunchScreen.storyboard in Resources */,
				9F3FF9EB202040FE006F9E54 /* Assets.xcassets in Resources */,
				9F3FF9E9202040FE006F9E54 /* Main.storyboard in Resources */,
			);
			runOnlyForDeploymentPostprocessing = 0;
		};
/* End PBXResourcesBuildPhase section */

/* Begin PBXSourcesBuildPhase section */
		9F3FF9DA202040FD006F9E54 /* Sources */ = {
			isa = PBXSourcesBuildPhase;
			buildActionMask = 2147483647;
			files = (
				9F3FF9E6202040FE006F9E54 /* ViewController.m in Sources */,
				B6354B6D20E2404D00890A7B /* Synthesizer.m in Sources */,
				B6354B7420E25F2500890A7B /* NLSPlayAudio.m in Sources */,
				9F3FF9F1202040FE006F9E54 /* main.m in Sources */,
				B65581C120A1C2B7008BBBB9 /* Recognizer.m in Sources */,
				B6BF8185210AFAA500A572BD /* RecognizerwithRecorder.m in Sources */,
				9F3FF9E3202040FE006F9E54 /* AppDelegate.m in Sources */,
				B6354B7F20E32D3E00890A7B /* Transcriber.m in Sources */,
				B6BF81A921119F3800A572BD /* TranscriberwithRecorder.m in Sources */,
			);
			runOnlyForDeploymentPostprocessing = 0;
		};
/* End PBXSourcesBuildPhase section */

/* Begin PBXVariantGroup section */
		9F3FF9E7202040FE006F9E54 /* Main.storyboard */ = {
			isa = PBXVariantGroup;
			children = (
				9F3FF9E8202040FE006F9E54 /* Base */,
			);
			name = Main.storyboard;
			sourceTree = "<group>";
		};
		9F3FF9EC202040FE006F9E54 /* LaunchScreen.storyboard */ = {
			isa = PBXVariantGroup;
			children = (
				9F3FF9ED202040FE006F9E54 /* Base */,
			);
			name = LaunchScreen.storyboard;
			sourceTree = "<group>";
		};
/* End PBXVariantGroup section */

/* Begin XCBuildConfiguration section */
		9F3FF9FD202040FE006F9E54 /* Debug */ = {
			isa = XCBuildConfiguration;
			buildSettings = {
				ALWAYS_SEARCH_USER_PATHS = NO;
				CLANG_ANALYZER_NONNULL = YES;
				CLANG_ANALYZER_NUMBER_OBJECT_CONVERSION = YES_AGGRESSIVE;
				CLANG_CXX_LANGUAGE_STANDARD = "gnu++14";
				CLANG_CXX_LIBRARY = "libc++";
				CLANG_ENABLE_MODULES = YES;
				CLANG_ENABLE_OBJC_ARC = YES;
				CLANG_WARN_BLOCK_CAPTURE_AUTORELEASING = YES;
				CLANG_WARN_BOOL_CONVERSION = YES;
				CLANG_WARN_COMMA = YES;
				CLANG_WARN_CONSTANT_CONVERSION = YES;
				CLANG_WARN_DIRECT_OBJC_ISA_USAGE = YES_ERROR;
				CLANG_WARN_DOCUMENTATION_COMMENTS = YES;
				CLANG_WARN_EMPTY_BODY = YES;
				CLANG_WARN_ENUM_CONVERSION = YES;
				CLANG_WARN_INFINITE_RECURSION = YES;
				CLANG_WARN_INT_CONVERSION = YES;
				CLANG_WARN_NON_LITERAL_NULL_CONVERSION = YES;
				CLANG_WARN_OBJC_LITERAL_CONVERSION = YES;
				CLANG_WARN_OBJC_ROOT_CLASS = YES_ERROR;
				CLANG_WARN_RANGE_LOOP_ANALYSIS = YES;
				CLANG_WARN_STRICT_PROTOTYPES = YES;
				CLANG_WARN_SUSPICIOUS_MOVE = YES;
				CLANG_WARN_UNGUARDED_AVAILABILITY = YES_AGGRESSIVE;
				CLANG_WARN_UNREACHABLE_CODE = YES;
				CLANG_WARN__DUPLICATE_METHOD_MATCH = YES;
				CODE_SIGN_IDENTITY = "iPhone Developer";
				COPY_PHASE_STRIP = NO;
				DEBUG_INFORMATION_FORMAT = dwarf;
				ENABLE_STRICT_OBJC_MSGSEND = YES;
				ENABLE_TESTABILITY = YES;
				GCC_C_LANGUAGE_STANDARD = gnu11;
				GCC_DYNAMIC_NO_PIC = NO;
				GCC_NO_COMMON_BLOCKS = YES;
				GCC_OPTIMIZATION_LEVEL = 0;
				GCC_PREPROCESSOR_DEFINITIONS = (
					"DEBUG=1",
					"$(inherited)",
				);
				GCC_WARN_64_TO_32_BIT_CONVERSION = YES;
				GCC_WARN_ABOUT_RETURN_TYPE = YES_ERROR;
				GCC_WARN_UNDECLARED_SELECTOR = YES;
				GCC_WARN_UNINITIALIZED_AUTOS = YES_AGGRESSIVE;
				GCC_WARN_UNUSED_FUNCTION = YES;
				GCC_WARN_UNUSED_VARIABLE = YES;
				IPHONEOS_DEPLOYMENT_TARGET = 11.2;
				MTL_ENABLE_DEBUG_INFO = YES;
				ONLY_ACTIVE_ARCH = YES;
				SDKROOT = iphoneos;
			};
			name = Debug;
		};
		9F3FF9FE202040FE006F9E54 /* Release */ = {
			isa = XCBuildConfiguration;
			buildSettings = {
				ALWAYS_SEARCH_USER_PATHS = NO;
				CLANG_ANALYZER_NONNULL = YES;
				CLANG_ANALYZER_NUMBER_OBJECT_CONVERSION = YES_AGGRESSIVE;
				CLANG_CXX_LANGUAGE_STANDARD = "gnu++14";
				CLANG_CXX_LIBRARY = "libc++";
				CLANG_ENABLE_MODULES = YES;
				CLANG_ENABLE_OBJC_ARC = YES;
				CLANG_WARN_BLOCK_CAPTURE_AUTORELEASING = YES;
				CLANG_WARN_BOOL_CONVERSION = YES;
				CLANG_WARN_COMMA = YES;
				CLANG_WARN_CONSTANT_CONVERSION = YES;
				CLANG_WARN_DIRECT_OBJC_ISA_USAGE = YES_ERROR;
				CLANG_WARN_DOCUMENTATION_COMMENTS = YES;
				CLANG_WARN_EMPTY_BODY = YES;
				CLANG_WARN_ENUM_CONVERSION = YES;
				CLANG_WARN_INFINITE_RECURSION = YES;
				CLANG_WARN_INT_CONVERSION = YES;
				CLANG_WARN_NON_LITERAL_NULL_CONVERSION = YES;
				CLANG_WARN_OBJC_LITERAL_CONVERSION = YES;
				CLANG_WARN_OBJC_ROOT_CLASS = YES_ERROR;
				CLANG_WARN_RANGE_LOOP_ANALYSIS = YES;
				CLANG_WARN_STRICT_PROTOTYPES = YES;
				CLANG_WARN_SUSPICIOUS_MOVE = YES;
				CLANG_WARN_UNGUARDED_AVAILABILITY = YES_AGGRESSIVE;
				CLANG_WARN_UNREACHABLE_CODE = YES;
				CLANG_WARN__DUPLICATE_METHOD_MATCH = YES;
				CODE_SIGN_IDENTITY = "iPhone Developer";
				COPY_PHASE_STRIP = NO;
				DEBUG_INFORMATION_FORMAT = "dwarf-with-dsym";
				ENABLE_NS_ASSERTIONS = NO;
				ENABLE_STRICT_OBJC_MSGSEND = YES;
				GCC_C_LANGUAGE_STANDARD = gnu11;
				GCC_NO_COMMON_BLOCKS = YES;
				GCC_WARN_64_TO_32_BIT_CONVERSION = YES;
				GCC_WARN_ABOUT_RETURN_TYPE = YES_ERROR;
				GCC_WARN_UNDECLARED_SELECTOR = YES;
				GCC_WARN_UNINITIALIZED_AUTOS = YES_AGGRESSIVE;
				GCC_WARN_UNUSED_FUNCTION = YES;
				GCC_WARN_UNUSED_VARIABLE = YES;
				IPHONEOS_DEPLOYMENT_TARGET = 11.2;
				MTL_ENABLE_DEBUG_INFO = NO;
				SDKROOT = iphoneos;
				VALIDATE_PRODUCT = YES;
			};
			name = Release;
		};
		9F3FFA00202040FE006F9E54 /* Debug */ = {
			isa = XCBuildConfiguration;
			buildSettings = {
				ALWAYS_EMBED_SWIFT_STANDARD_LIBRARIES = YES;
				ASSETCATALOG_COMPILER_APPICON_NAME = AppIcon;
				CODE_SIGN_STYLE = Automatic;
				DEBUG_INFORMATION_FORMAT = "dwarf-with-dsym";
				DEVELOPMENT_TEAM = 7DN2C9J648;
				ENABLE_BITCODE = YES;
				FRAMEWORK_SEARCH_PATHS = (
					"$(inherited)",
					"$(PROJECT_DIR)/NlsDemo",
					"$(PROJECT_DIR)/NlsDemo/iphonesimulatorframework",
					"$(PROJECT_DIR)/NlsDemo/iphoneframework",
				);
				INFOPLIST_FILE = "$(SRCROOT)/NlsDemo/Info.plist";
				IPHONEOS_DEPLOYMENT_TARGET = 11.0;
				LD_RUNPATH_SEARCH_PATHS = "$(inherited) @executable_path/Frameworks";
				LIBRARY_SEARCH_PATHS = (
					"$(inherited)",
					"$(PROJECT_DIR)",
					"$(inherited)",
				);
				ONLY_ACTIVE_ARCH = YES;
				PRODUCT_BUNDLE_IDENTIFIER = com.alibaba.idst.NlsSdkDemo;
				PRODUCT_NAME = "$(TARGET_NAME)";
				TARGETED_DEVICE_FAMILY = "1,2";
				VALID_ARCHS = "arm64 armv7 armv7s x86_64";
			};
			name = Debug;
		};
		9F3FFA01202040FE006F9E54 /* Release */ = {
			isa = XCBuildConfiguration;
			buildSettings = {
				ALWAYS_EMBED_SWIFT_STANDARD_LIBRARIES = YES;
				ASSETCATALOG_COMPILER_APPICON_NAME = AppIcon;
				CODE_SIGN_STYLE = Automatic;
				DEBUG_INFORMATION_FORMAT = "dwarf-with-dsym";
				DEVELOPMENT_TEAM = 7DN2C9J648;
				ENABLE_BITCODE = YES;
				FRAMEWORK_SEARCH_PATHS = (
					"$(inherited)",
					"$(PROJECT_DIR)/NlsDemo",
					"$(PROJECT_DIR)/NlsDemo/iphonesimulatorframework",
					"$(PROJECT_DIR)/NlsDemo/iphoneframework",
				);
				INFOPLIST_FILE = "$(SRCROOT)/NlsDemo/Info.plist";
				IPHONEOS_DEPLOYMENT_TARGET = 11.0;
				LD_RUNPATH_SEARCH_PATHS = "$(inherited) @executable_path/Frameworks";
				LIBRARY_SEARCH_PATHS = (
					"$(inherited)",
					"$(PROJECT_DIR)",
					"$(inherited)",
				);
				ONLY_ACTIVE_ARCH = YES;
				PRODUCT_BUNDLE_IDENTIFIER = com.alibaba.idst.NlsSdkDemo;
				PRODUCT_NAME = "$(TARGET_NAME)";
				TARGETED_DEVICE_FAMILY = "1,2";
				VALID_ARCHS = "arm64 armv7 armv7s x86_64";
			};
			name = Release;
		};
/* End XCBuildConfiguration section */

/* Begin XCConfigurationList section */
		9F3FF9D9202040FD006F9E54 /* Build configuration list for PBXProject "NlsDemo" */ = {
			isa = XCConfigurationList;
			buildConfigurations = (
				9F3FF9FD202040FE006F9E54 /* Debug */,
				9F3FF9FE202040FE006F9E54 /* Release */,
			);
			defaultConfigurationIsVisible = 0;
			defaultConfigurationName = Release;
		};
		9F3FF9FF202040FE006F9E54 /* Build configuration list for PBXNativeTarget "NlsDemo" */ = {
			isa = XCConfigurationList;
			buildConfigurations = (
				9F3FFA00202040FE006F9E54 /* Debug */,
				9F3FFA01202040FE006F9E54 /* Release */,
			);
			defaultConfigurationIsVisible = 0;
			defaultConfigurationName = Release;
		};
/* End XCConfigurationList section */
	};
	rootObject = 9F3FF9D6202040FD006F9E54 /* Project object */;
}
